
Microsoft Visual Studio Solution File, Format Version 12.00
# Visual Studio Version 17
VisualStudioVersion = 17.2.32630.192
MinimumVisualStudioVersion = 10.0.40219.1
Project("{FAE04EC0-301F-11D3-BF4B-00C04F79EFBC}") = "ColoredGradients", "ColoredGradients\ColoredGradients.csproj", "{B69F9F58-3551-4F37-8135-0AE5271636ED}"
EndProject
Global
	GlobalSection(SolutionConfigurationPlatforms) = preSolution
		Debug|Any CPU = Debug|Any CPU
		Release|Any CPU = Release|Any CPU
	EndGlobalSection
	GlobalSection(ProjectConfigurationPlatforms) = postSolution
		{B69F9F58-3551-4F37-8135-0AE5271636ED}.Debug|Any CPU.ActiveCfg = Debug|Any CPU
		{B69F9F58-3551-4F37-8135-0AE5271636ED}.Debug|Any CPU.Build.0 = Debug|Any CPU
		{B69F9F58-3551-4F37-8135-0AE5271636ED}.Release|Any CPU.ActiveCfg = Release|Any CPU
		{B69F9F58-3551-4F37-8135-0AE5271636ED}.Release|Any CPU.Build.0 = Release|Any CPU
	EndGlobalSection
	GlobalSection(SolutionProperties) = preSolution
		HideSolutionNode = FALSE
	EndGlobalSection
	GlobalSection(ExtensibilityGlobals) = postSolution
		SolutionGuid = {E224609E-B5F8-478D-9557-15F3F25087ED}
	EndGlobalSection
EndGlobal
